
Microsoft Visual Studio Solution File, Format Version 12.00
# Visual Studio Version 17
VisualStudioVersion = 17.13.35919.96 d17.13
MinimumVisualStudioVersion = 10.0.40219.1
Project("{FAE04EC0-301F-11D3-BF4B-00C04F79EFBC}") = "ChecarSiUnaPalabraEsPalindromo", "ChecarSiUnaPalabraEsPalindromo\ChecarSiUnaPalabraEsPalindromo.csproj", "{E01B0C0C-4BC9-487D-AB3C-1C803B965328}"
EndProject
Global
	GlobalSection(SolutionConfigurationPlatforms) = preSolution
		Debug|Any CPU = Debug|Any CPU
		Release|Any CPU = Release|Any CPU
	EndGlobalSection
	GlobalSection(ProjectConfigurationPlatforms) = postSolution
		{E01B0C0C-4BC9-487D-AB3C-1C803B965328}.Debug|Any CPU.ActiveCfg = Debug|Any CPU
		{E01B0C0C-4BC9-487D-AB3C-1C803B965328}.Debug|Any CPU.Build.0 = Debug|Any CPU
		{E01B0C0C-4BC9-487D-AB3C-1C803B965328}.Release|Any CPU.ActiveCfg = Release|Any CPU
		{E01B0C0C-4BC9-487D-AB3C-1C803B965328}.Release|Any CPU.Build.0 = Release|Any CPU
	EndGlobalSection
	GlobalSection(SolutionProperties) = preSolution
		HideSolutionNode = FALSE
	EndGlobalSection
	GlobalSection(ExtensibilityGlobals) = postSolution
		SolutionGuid = {BF0D70F0-E624-4A25-958E-1AC362675E26}
	EndGlobalSection
EndGlobal
