
Microsoft Visual Studio Solution File, Format Version 12.00
# Visual Studio Version 17
VisualStudioVersion = 17.13.35919.96 d17.13
MinimumVisualStudioVersion = 10.0.40219.1
Project("{FAE04EC0-301F-11D3-BF4B-00C04F79EFBC}") = "ValidarSiUnaExpresionEstaBalanceada", "ValidarSiUnaExpresionEstaBalanceada\ValidarSiUnaExpresionEstaBalanceada.csproj", "{D0247DBF-5BDE-498E-8C19-F99F0194BA79}"
EndProject
Global
	GlobalSection(SolutionConfigurationPlatforms) = preSolution
		Debug|Any CPU = Debug|Any CPU
		Release|Any CPU = Release|Any CPU
	EndGlobalSection
	GlobalSection(ProjectConfigurationPlatforms) = postSolution
		{D0247DBF-5BDE-498E-8C19-F99F0194BA79}.Debug|Any CPU.ActiveCfg = Debug|Any CPU
		{D0247DBF-5BDE-498E-8C19-F99F0194BA79}.Debug|Any CPU.Build.0 = Debug|Any CPU
		{D0247DBF-5BDE-498E-8C19-F99F0194BA79}.Release|Any CPU.ActiveCfg = Release|Any CPU
		{D0247DBF-5BDE-498E-8C19-F99F0194BA79}.Release|Any CPU.Build.0 = Release|Any CPU
	EndGlobalSection
	GlobalSection(SolutionProperties) = preSolution
		HideSolutionNode = FALSE
	EndGlobalSection
	GlobalSection(ExtensibilityGlobals) = postSolution
		SolutionGuid = {3B41BE02-F70D-4616-BDDE-49DBF4C86D71}
	EndGlobalSection
EndGlobal
